
Microsoft Visual Studio Solution File, Format Version 12.00
# Visual Studio Version 17
VisualStudioVersion = 17.1.32421.90
MinimumVisualStudioVersion = 10.0.40219.1
Project("{2150E333-8FDC-42A3-9474-1A3956D46DE8}") = "Services", "Services", "{002E7C9A-7E1A-4899-8438-13C18A7113E8}"
EndProject
Project("{2150E333-8FDC-42A3-9474-1A3956D46DE8}") = "Catalog", "Catalog", "{594723DC-6547-4C51-A99E-6D194C01ACD8}"
EndProject
Project("{9A19103F-16F7-4668-BE54-9A1E7A4F7556}") = "Catalog.API", "Services\Catalog\Catalog.API\Catalog.API.csproj", "{7B503892-7C29-4946-B619-7168DE07671A}"
EndProject
Project("{E53339B2-1760-4266-BCC7-CA923CBCF16C}") = "docker-compose", "docker-compose.dcproj", "{C05626FE-9613-46A0-8BDF-A998BFD20025}"
EndProject
Project("{2150E333-8FDC-42A3-9474-1A3956D46DE8}") = "Basket", "Basket", "{9BF906B0-EFFE-482C-A700-992DD41DEF79}"
EndProject
Project("{9A19103F-16F7-4668-BE54-9A1E7A4F7556}") = "Basket.API", "Services\Basket\Basket.API\Basket.API.csproj", "{DD94468F-67DD-4661-A6D9-A425CDD930DC}"
EndProject
Project("{2150E333-8FDC-42A3-9474-1A3956D46DE8}") = "Discount", "Discount", "{6A8E6196-9423-496E-9A94-1A7D17CB9597}"
EndProject
Project("{FAE04EC0-301F-11D3-BF4B-00C04F79EFBC}") = "DiscountV.API", "Services\Discount\DiscountV.API\DiscountV.API.csproj", "{11B6B259-3E53-4812-835C-34EE6A394436}"
EndProject
Project("{FAE04EC0-301F-11D3-BF4B-00C04F79EFBC}") = "Discount.Grpc", "Services\Discount\Discount.Grpc\Discount.Grpc.csproj", "{B07087A5-BB02-4150-A1FA-184636FA8A23}"
EndProject
Global
	GlobalSection(SolutionConfigurationPlatforms) = preSolution
		Debug|Any CPU = Debug|Any CPU
		Release|Any CPU = Release|Any CPU
	EndGlobalSection
	GlobalSection(ProjectConfigurationPlatforms) = postSolution
		{7B503892-7C29-4946-B619-7168DE07671A}.Debug|Any CPU.ActiveCfg = Debug|Any CPU
		{7B503892-7C29-4946-B619-7168DE07671A}.Debug|Any CPU.Build.0 = Debug|Any CPU
		{7B503892-7C29-4946-B619-7168DE07671A}.Release|Any CPU.ActiveCfg = Release|Any CPU
		{7B503892-7C29-4946-B619-7168DE07671A}.Release|Any CPU.Build.0 = Release|Any CPU
		{C05626FE-9613-46A0-8BDF-A998BFD20025}.Debug|Any CPU.ActiveCfg = Debug|Any CPU
		{C05626FE-9613-46A0-8BDF-A998BFD20025}.Debug|Any CPU.Build.0 = Debug|Any CPU
		{C05626FE-9613-46A0-8BDF-A998BFD20025}.Release|Any CPU.ActiveCfg = Release|Any CPU
		{C05626FE-9613-46A0-8BDF-A998BFD20025}.Release|Any CPU.Build.0 = Release|Any CPU
		{DD94468F-67DD-4661-A6D9-A425CDD930DC}.Debug|Any CPU.ActiveCfg = Debug|Any CPU
		{DD94468F-67DD-4661-A6D9-A425CDD930DC}.Debug|Any CPU.Build.0 = Debug|Any CPU
		{DD94468F-67DD-4661-A6D9-A425CDD930DC}.Release|Any CPU.ActiveCfg = Release|Any CPU
		{DD94468F-67DD-4661-A6D9-A425CDD930DC}.Release|Any CPU.Build.0 = Release|Any CPU
		{11B6B259-3E53-4812-835C-34EE6A394436}.Debug|Any CPU.ActiveCfg = Debug|Any CPU
		{11B6B259-3E53-4812-835C-34EE6A394436}.Debug|Any CPU.Build.0 = Debug|Any CPU
		{11B6B259-3E53-4812-835C-34EE6A394436}.Release|Any CPU.ActiveCfg = Release|Any CPU
		{11B6B259-3E53-4812-835C-34EE6A394436}.Release|Any CPU.Build.0 = Release|Any CPU
		{B07087A5-BB02-4150-A1FA-184636FA8A23}.Debug|Any CPU.ActiveCfg = Debug|Any CPU
		{B07087A5-BB02-4150-A1FA-184636FA8A23}.Debug|Any CPU.Build.0 = Debug|Any CPU
		{B07087A5-BB02-4150-A1FA-184636FA8A23}.Release|Any CPU.ActiveCfg = Release|Any CPU
		{B07087A5-BB02-4150-A1FA-184636FA8A23}.Release|Any CPU.Build.0 = Release|Any CPU
	EndGlobalSection
	GlobalSection(SolutionProperties) = preSolution
		HideSolutionNode = FALSE
	EndGlobalSection
	GlobalSection(NestedProjects) = preSolution
		{594723DC-6547-4C51-A99E-6D194C01ACD8} = {002E7C9A-7E1A-4899-8438-13C18A7113E8}
		{7B503892-7C29-4946-B619-7168DE07671A} = {594723DC-6547-4C51-A99E-6D194C01ACD8}
		{9BF906B0-EFFE-482C-A700-992DD41DEF79} = {002E7C9A-7E1A-4899-8438-13C18A7113E8}
		{DD94468F-67DD-4661-A6D9-A425CDD930DC} = {9BF906B0-EFFE-482C-A700-992DD41DEF79}
		{6A8E6196-9423-496E-9A94-1A7D17CB9597} = {002E7C9A-7E1A-4899-8438-13C18A7113E8}
		{11B6B259-3E53-4812-835C-34EE6A394436} = {6A8E6196-9423-496E-9A94-1A7D17CB9597}
		{B07087A5-BB02-4150-A1FA-184636FA8A23} = {6A8E6196-9423-496E-9A94-1A7D17CB9597}
	EndGlobalSection
	GlobalSection(ExtensibilityGlobals) = postSolution
		SolutionGuid = {C7C706E8-1342-4B5B-AA36-D4C6257B6893}
	EndGlobalSection
EndGlobal
